
Microsoft Visual Studio Solution File, Format Version 12.00
# Visual Studio Version 16
VisualStudioVersion = 16.0.30711.63
MinimumVisualStudioVersion = 10.0.40219.1
Project("{FAE04EC0-301F-11D3-BF4B-00C04F79EFBC}") = "DeberS6SteveCarvajal", "DeberS6SteveCarvajal\DeberS6SteveCarvajal.csproj", "{AD3E9C8C-7194-4155-AC25-5EEFC7A63003}"
EndProject
Global
	GlobalSection(SolutionConfigurationPlatforms) = preSolution
		Debug|Any CPU = Debug|Any CPU
		Release|Any CPU = Release|Any CPU
	EndGlobalSection
	GlobalSection(ProjectConfigurationPlatforms) = postSolution
		{AD3E9C8C-7194-4155-AC25-5EEFC7A63003}.Debug|Any CPU.ActiveCfg = Debug|Any CPU
		{AD3E9C8C-7194-4155-AC25-5EEFC7A63003}.Debug|Any CPU.Build.0 = Debug|Any CPU
		{AD3E9C8C-7194-4155-AC25-5EEFC7A63003}.Release|Any CPU.ActiveCfg = Release|Any CPU
		{AD3E9C8C-7194-4155-AC25-5EEFC7A63003}.Release|Any CPU.Build.0 = Release|Any CPU
	EndGlobalSection
	GlobalSection(SolutionProperties) = preSolution
		HideSolutionNode = FALSE
	EndGlobalSection
	GlobalSection(ExtensibilityGlobals) = postSolution
		SolutionGuid = {1BC3C5C3-AA6C-4242-B58E-AE498CEF83AC}
	EndGlobalSection
EndGlobal
